
Microsoft Visual Studio Solution File, Format Version 12.00
# Visual Studio 14
VisualStudioVersion = 14.0.25420.1
MinimumVisualStudioVersion = 10.0.40219.1
Project("{FAE04EC0-301F-11D3-BF4B-00C04F79EFBC}") = "ParrotWingsTransfer.Web", "ParrotWingsTransfer.Web\ParrotWingsTransfer.Web.csproj", "{81700F80-B3E3-4B96-89E6-0AD9BB13EFA5}"
EndProject
Project("{FAE04EC0-301F-11D3-BF4B-00C04F79EFBC}") = "ParrotWingsTransfer.API", "ParrotWingsTransfer.API\ParrotWingsTransfer.API.csproj", "{31BB799F-576C-44CE-9B78-C886D8AD3BB1}"
EndProject
Global
	GlobalSection(SolutionConfigurationPlatforms) = preSolution
		Debug|Any CPU = Debug|Any CPU
		Release|Any CPU = Release|Any CPU
	EndGlobalSection
	GlobalSection(ProjectConfigurationPlatforms) = postSolution
		{81700F80-B3E3-4B96-89E6-0AD9BB13EFA5}.Debug|Any CPU.ActiveCfg = Debug|Any CPU
		{81700F80-B3E3-4B96-89E6-0AD9BB13EFA5}.Debug|Any CPU.Build.0 = Debug|Any CPU
		{81700F80-B3E3-4B96-89E6-0AD9BB13EFA5}.Release|Any CPU.ActiveCfg = Release|Any CPU
		{81700F80-B3E3-4B96-89E6-0AD9BB13EFA5}.Release|Any CPU.Build.0 = Release|Any CPU
		{31BB799F-576C-44CE-9B78-C886D8AD3BB1}.Debug|Any CPU.ActiveCfg = Debug|Any CPU
		{31BB799F-576C-44CE-9B78-C886D8AD3BB1}.Debug|Any CPU.Build.0 = Debug|Any CPU
		{31BB799F-576C-44CE-9B78-C886D8AD3BB1}.Release|Any CPU.ActiveCfg = Release|Any CPU
		{31BB799F-576C-44CE-9B78-C886D8AD3BB1}.Release|Any CPU.Build.0 = Release|Any CPU
	EndGlobalSection
	GlobalSection(SolutionProperties) = preSolution
		HideSolutionNode = FALSE
	EndGlobalSection
EndGlobal
